
Microsoft Visual Studio Solution File, Format Version 12.00
# Visual Studio Version 17
VisualStudioVersion = 17.12.35707.178 d17.12
MinimumVisualStudioVersion = 10.0.40219.1
Project("{FAE04EC0-301F-11D3-BF4B-00C04F79EFBC}") = "RNS", "RNS\RNS.csproj", "{EC2FD3BA-32DD-4DF4-9F5F-A73E7AEB35A6}"
EndProject
Project("{FAE04EC0-301F-11D3-BF4B-00C04F79EFBC}") = "RNS Testing", "RNS Testing\RNS Testing.csproj", "{5CEA1D58-7D2E-4AC1-B25D-7EFF9E8B56CA}"
EndProject
Global
	GlobalSection(SolutionConfigurationPlatforms) = preSolution
		Debug|Any CPU = Debug|Any CPU
		Release|Any CPU = Release|Any CPU
	EndGlobalSection
	GlobalSection(ProjectConfigurationPlatforms) = postSolution
		{EC2FD3BA-32DD-4DF4-9F5F-A73E7AEB35A6}.Debug|Any CPU.ActiveCfg = Debug|Any CPU
		{EC2FD3BA-32DD-4DF4-9F5F-A73E7AEB35A6}.Debug|Any CPU.Build.0 = Debug|Any CPU
		{EC2FD3BA-32DD-4DF4-9F5F-A73E7AEB35A6}.Release|Any CPU.ActiveCfg = Release|Any CPU
		{EC2FD3BA-32DD-4DF4-9F5F-A73E7AEB35A6}.Release|Any CPU.Build.0 = Release|Any CPU
		{5CEA1D58-7D2E-4AC1-B25D-7EFF9E8B56CA}.Debug|Any CPU.ActiveCfg = Debug|Any CPU
		{5CEA1D58-7D2E-4AC1-B25D-7EFF9E8B56CA}.Debug|Any CPU.Build.0 = Debug|Any CPU
		{5CEA1D58-7D2E-4AC1-B25D-7EFF9E8B56CA}.Release|Any CPU.ActiveCfg = Release|Any CPU
		{5CEA1D58-7D2E-4AC1-B25D-7EFF9E8B56CA}.Release|Any CPU.Build.0 = Release|Any CPU
	EndGlobalSection
	GlobalSection(SolutionProperties) = preSolution
		HideSolutionNode = FALSE
	EndGlobalSection
EndGlobal
